{
  "name": "code-intel-pipeline-local-tooling",
  "version": "0.0.0",
  "lockfileVersion": 3,
  "requires": true,
  "packages": {
    "": {
      "name": "code-intel-pipeline-local-tooling",
      "version": "0.0.0",
      "devDependencies": {
        "claude-code-merge-queue": "0.7.1"
      }
    },
    "node_modules/claude-code-merge-queue": {
      "version": "0.7.1",
      "resolved": "https://registry.npmjs.org/claude-code-merge-queue/-/claude-code-merge-queue-0.7.1.tgz",
      "integrity": "sha512-p+12twnwIWV/S4uipPw8f0cDDoDEf6AwDSmjgRJ8tgM6wYzW9m+0G+vOdjvV5w7PJpAPw2WH38rWOupRyvOD4w==",
      "dev": true,
      "license": "MIT",
      "bin": {
        "claude-code-merge-queue": "dist/bin/claude-code-merge-queue.js"
      },
      "engines": {
        "node": ">=18"
      }
    }
  }
}
