{
  "name": "code-intel-pipeline-local-tooling",
  "version": "0.0.0",
  "lockfileVersion": 3,
  "requires": true,
  "packages": {
    "": {
      "name": "code-intel-pipeline-local-tooling",
      "version": "0.0.0",
      "devDependencies": {
        "claude-code-merge-queue": "0.5.1"
      }
    },
    "node_modules/claude-code-merge-queue": {
      "version": "0.5.1",
      "resolved": "https://registry.npmmirror.com/claude-code-merge-queue/-/claude-code-merge-queue-0.5.1.tgz",
      "integrity": "sha512-DOEq6ETPiZfGUK7O6urTCpNfVk8tJp0m0Y8s46tdQVCxhvkpO74u/X5YF1qANSzCfERmYpEi2aoGuyFIJ+cT+A==",
      "dev": true,
      "license": "MIT",
      "bin": {
        "claude-code-merge-queue": "dist/bin/claude-code-merge-queue.js"
      },
      "engines": {
        "node": ">=18"
      }
    }
  }
}
